{
  "name": "scriptie",
  "version": "1.0.0",
  "lockfileVersion": 3,
  "requires": true,
  "packages": {
    "": {
      "name": "scriptie",
      "version": "1.0.0",
      "license": "ISC",
      "dependencies": {
        "vue": "^2.7.14",
        "vue-apexcharts": "^1.6.2"
      },
      "devDependencies": {
        "apexcharts": "^3.37.1"
      }
    },
    "node_modules/@babel/parser": {
      "version": "7.21.2",
      "resolved": "https://registry.npmjs.org/@babel/parser/-/parser-7.21.2.tgz",
      "integrity": "sha512-URpaIJQwEkEC2T9Kn+Ai6Xe/02iNaVCuT/PtoRz3GPVJVDpPd7mLo+VddTbhCRU9TXqW5mSrQfXZyi8kDKOVpQ==",
      "bin": {
        "parser": "bin/babel-parser.js"
      },
      "engines": {
        "node": ">=6.0.0"
      }
    },
    "node_modules/@vue/compiler-sfc": {
      "version": "2.7.14",
      "resolved": "https://registry.npmjs.org/@vue/compiler-sfc/-/compiler-sfc-2.7.14.tgz",
      "integrity": "sha512-aNmNHyLPsw+sVvlQFQ2/8sjNuLtK54TC6cuKnVzAY93ks4ZBrvwQSnkkIh7bsbNhum5hJBS00wSDipQ937f5DA==",
      "dependencies": {
        "@babel/parser": "^7.18.4",
        "postcss": "^8.4.14",
        "source-map": "^0.6.1"
      }
    },
    "node_modules/apexcharts": {
      "version": "3.37.1",
      "resolved": "https://registry.npmjs.org/apexcharts/-/apexcharts-3.37.1.tgz",
      "integrity": "sha512-fmQ5Updeb/LASl+S1+mIxXUFxzY0Fa7gexfCs4o+OPP9f2NEBNjvybOtPrah44N4roK7U5o5Jis906QeEQu0cA==",
      "dependencies": {
        "svg.draggable.js": "^2.2.2",
        "svg.easing.js": "^2.0.0",
        "svg.filter.js": "^2.0.2",
        "svg.pathmorphing.js": "^0.1.3",
        "svg.resize.js": "^1.4.3",
        "svg.select.js": "^3.0.1"
      }
    },
    "node_modules/csstype": {
      "version": "3.1.1",
      "resolved": "https://registry.npmjs.org/csstype/-/csstype-3.1.1.tgz",
      "integrity": "sha512-DJR/VvkAvSZW9bTouZue2sSxDwdTN92uHjqeKVm+0dAqdfNykRzQ95tay8aXMBAAPpUiq4Qcug2L7neoRh2Egw=="
    },
    "node_modules/nanoid": {
      "version": "3.3.4",
      "resolved": "https://registry.npmjs.org/nanoid/-/nanoid-3.3.4.tgz",
      "integrity": "sha512-MqBkQh/OHTS2egovRtLk45wEyNXwF+cokD+1YPf9u5VfJiRdAiRwB2froX5Co9Rh20xs4siNPm8naNotSD6RBw==",
      "bin": {
        "nanoid": "bin/nanoid.cjs"
      },
      "engines": {
        "node": "^10 || ^12 || ^13.7 || ^14 || >=15.0.1"
      }
    },
    "node_modules/picocolors": {
      "version": "1.0.0",
      "resolved": "https://registry.npmjs.org/picocolors/-/picocolors-1.0.0.tgz",
      "integrity": "sha512-1fygroTLlHu66zi26VoTDv8yRgm0Fccecssto+MhsZ0D/DGW2sm8E8AjW7NU5VVTRt5GxbeZ5qBuJr+HyLYkjQ=="
    },
    "node_modules/postcss": {
      "version": "8.4.21",
      "resolved": "https://registry.npmjs.org/postcss/-/postcss-8.4.21.tgz",
      "integrity": "sha512-tP7u/Sn/dVxK2NnruI4H9BG+x+Wxz6oeZ1cJ8P6G/PZY0IKk4k/63TDsQf2kQq3+qoJeLm2kIBUNlZe3zgb4Zg==",
      "funding": [
        {
          "type": "opencollective",
          "url": "https://opencollective.com/postcss/"
        },
        {
          "type": "tidelift",
          "url": "https://tidelift.com/funding/github/npm/postcss"
        }
      ],
      "dependencies": {
        "nanoid": "^3.3.4",
        "picocolors": "^1.0.0",
        "source-map-js": "^1.0.2"
      },
      "engines": {
        "node": "^10 || ^12 || >=14"
      }
    },
    "node_modules/source-map": {
      "version": "0.6.1",
      "resolved": "https://registry.npmjs.org/source-map/-/source-map-0.6.1.tgz",
      "integrity": "sha512-UjgapumWlbMhkBgzT7Ykc5YXUT46F0iKu8SGXq0bcwP5dz/h0Plj6enJqjz1Zbq2l5WaqYnrVbwWOWMyF3F47g==",
      "engines": {
        "node": ">=0.10.0"
      }
    },
    "node_modules/source-map-js": {
      "version": "1.0.2",
      "resolved": "https://registry.npmjs.org/source-map-js/-/source-map-js-1.0.2.tgz",
      "integrity": "sha512-R0XvVJ9WusLiqTCEiGCmICCMplcCkIwwR11mOSD9CR5u+IXYdiseeEuXCVAjS54zqwkLcPNnmU4OeJ6tUrWhDw==",
      "engines": {
        "node": ">=0.10.0"
      }
    },
    "node_modules/svg.draggable.js": {
      "version": "2.2.2",
      "resolved": "https://registry.npmjs.org/svg.draggable.js/-/svg.draggable.js-2.2.2.tgz",
      "integrity": "sha512-JzNHBc2fLQMzYCZ90KZHN2ohXL0BQJGQimK1kGk6AvSeibuKcIdDX9Kr0dT9+UJ5O8nYA0RB839Lhvk4CY4MZw==",
      "dependencies": {
        "svg.js": "^2.0.1"
      },
      "engines": {
        "node": ">= 0.8.0"
      }
    },
    "node_modules/svg.easing.js": {
      "version": "2.0.0",
      "resolved": "https://registry.npmjs.org/svg.easing.js/-/svg.easing.js-2.0.0.tgz",
      "integrity": "sha512-//ctPdJMGy22YoYGV+3HEfHbm6/69LJUTAqI2/5qBvaNHZ9uUFVC82B0Pl299HzgH13rKrBgi4+XyXXyVWWthA==",
      "dependencies": {
        "svg.js": ">=2.3.x"
      },
      "engines": {
        "node": ">= 0.8.0"
      }
    },
    "node_modules/svg.filter.js": {
      "version": "2.0.2",
      "resolved": "https://registry.npmjs.org/svg.filter.js/-/svg.filter.js-2.0.2.tgz",
      "integrity": "sha512-xkGBwU+dKBzqg5PtilaTb0EYPqPfJ9Q6saVldX+5vCRy31P6TlRCP3U9NxH3HEufkKkpNgdTLBJnmhDHeTqAkw==",
      "dependencies": {
        "svg.js": "^2.2.5"
      },
      "engines": {
        "node": ">= 0.8.0"
      }
    },
    "node_modules/svg.js": {
      "version": "2.7.1",
      "resolved": "https://registry.npmjs.org/svg.js/-/svg.js-2.7.1.tgz",
      "integrity": "sha512-ycbxpizEQktk3FYvn/8BH+6/EuWXg7ZpQREJvgacqn46gIddG24tNNe4Son6omdXCnSOaApnpZw6MPCBA1dODA=="
    },
    "node_modules/svg.pathmorphing.js": {
      "version": "0.1.3",
      "resolved": "https://registry.npmjs.org/svg.pathmorphing.js/-/svg.pathmorphing.js-0.1.3.tgz",
      "integrity": "sha512-49HWI9X4XQR/JG1qXkSDV8xViuTLIWm/B/7YuQELV5KMOPtXjiwH4XPJvr/ghEDibmLQ9Oc22dpWpG0vUDDNww==",
      "dependencies": {
        "svg.js": "^2.4.0"
      },
      "engines": {
        "node": ">= 0.8.0"
      }
    },
    "node_modules/svg.resize.js": {
      "version": "1.4.3",
      "resolved": "https://registry.npmjs.org/svg.resize.js/-/svg.resize.js-1.4.3.tgz",
      "integrity": "sha512-9k5sXJuPKp+mVzXNvxz7U0uC9oVMQrrf7cFsETznzUDDm0x8+77dtZkWdMfRlmbkEEYvUn9btKuZ3n41oNA+uw==",
      "dependencies": {
        "svg.js": "^2.6.5",
        "svg.select.js": "^2.1.2"
      },
      "engines": {
        "node": ">= 0.8.0"
      }
    },
    "node_modules/svg.resize.js/node_modules/svg.select.js": {
      "version": "2.1.2",
      "resolved": "https://registry.npmjs.org/svg.select.js/-/svg.select.js-2.1.2.tgz",
      "integrity": "sha512-tH6ABEyJsAOVAhwcCjF8mw4crjXSI1aa7j2VQR8ZuJ37H2MBUbyeqYr5nEO7sSN3cy9AR9DUwNg0t/962HlDbQ==",
      "dependencies": {
        "svg.js": "^2.2.5"
      },
      "engines": {
        "node": ">= 0.8.0"
      }
    },
    "node_modules/svg.select.js": {
      "version": "3.0.1",
      "resolved": "https://registry.npmjs.org/svg.select.js/-/svg.select.js-3.0.1.tgz",
      "integrity": "sha512-h5IS/hKkuVCbKSieR9uQCj9w+zLHoPh+ce19bBYyqF53g6mnPB8sAtIbe1s9dh2S2fCmYX2xel1Ln3PJBbK4kw==",
      "dependencies": {
        "svg.js": "^2.6.5"
      },
      "engines": {
        "node": ">= 0.8.0"
      }
    },
    "node_modules/vue": {
      "version": "2.7.14",
      "resolved": "https://registry.npmjs.org/vue/-/vue-2.7.14.tgz",
      "integrity": "sha512-b2qkFyOM0kwqWFuQmgd4o+uHGU7T+2z3T+WQp8UBjADfEv2n4FEMffzBmCKNP0IGzOEEfYjvtcC62xaSKeQDrQ==",
      "dependencies": {
        "@vue/compiler-sfc": "2.7.14",
        "csstype": "^3.1.0"
      }
    },
    "node_modules/vue-apexcharts": {
      "version": "1.6.2",
      "resolved": "https://registry.npmjs.org/vue-apexcharts/-/vue-apexcharts-1.6.2.tgz",
      "integrity": "sha512-9HS3scJwWgKjmkcWIf+ndNDR0WytUJD8Ju0V2ZYcjYtlTLwJAf2SKUlBZaQTkDmwje/zMgulvZRi+MXmi+WkKw==",
      "peerDependencies": {
        "apexcharts": "^3.26.0"
      }
    }
  }
}
